
Microsoft Visual Studio Solution File, Format Version 12.00
# Visual Studio Version 16
VisualStudioVersion = 16.0.30907.101
MinimumVisualStudioVersion = 10.0.40219.1
Project("{8BC9CEB8-8B4A-11D0-8D11-00A0C91BC942}") = "png2ico", "png2ico.vcxproj", "{F0672DA6-2A40-40C5-A32A-F474E352534C}"
EndProject
Global
	GlobalSection(SolutionConfigurationPlatforms) = preSolution
		Debug|x64 = Debug|x64
		Release|x64 = Release|x64
	EndGlobalSection
	GlobalSection(ProjectConfigurationPlatforms) = postSolution
		{F0672DA6-2A40-40C5-A32A-F474E352534C}.Debug|x64.ActiveCfg = Debug|x64
		{F0672DA6-2A40-40C5-A32A-F474E352534C}.Debug|x64.Build.0 = Debug|x64
		{F0672DA6-2A40-40C5-A32A-F474E352534C}.Release|x64.ActiveCfg = Release|x64
		{F0672DA6-2A40-40C5-A32A-F474E352534C}.Release|x64.Build.0 = Release|x64
	EndGlobalSection
	GlobalSection(SolutionProperties) = preSolution
		HideSolutionNode = FALSE
	EndGlobalSection
	GlobalSection(ExtensibilityGlobals) = postSolution
		SolutionGuid = {B1A6F1BA-B514-487C-B199-8295C1E3B095}
	EndGlobalSection
EndGlobal
